
Microsoft Visual Studio Solution File, Format Version 12.00
# Visual Studio 15
VisualStudioVersion = 15.0.28307.572
MinimumVisualStudioVersion = 10.0.40219.1
Project("{FAE04EC0-301F-11D3-BF4B-00C04F79EFBC}") = "LocacaoCarroComInterface", "LocacaoCarroComInterface\LocacaoCarroComInterface.csproj", "{A45A76D3-5622-4FAF-92FC-77598506385F}"
EndProject
Global
	GlobalSection(SolutionConfigurationPlatforms) = preSolution
		Debug|Any CPU = Debug|Any CPU
		Release|Any CPU = Release|Any CPU
	EndGlobalSection
	GlobalSection(ProjectConfigurationPlatforms) = postSolution
		{A45A76D3-5622-4FAF-92FC-77598506385F}.Debug|Any CPU.ActiveCfg = Debug|Any CPU
		{A45A76D3-5622-4FAF-92FC-77598506385F}.Debug|Any CPU.Build.0 = Debug|Any CPU
		{A45A76D3-5622-4FAF-92FC-77598506385F}.Release|Any CPU.ActiveCfg = Release|Any CPU
		{A45A76D3-5622-4FAF-92FC-77598506385F}.Release|Any CPU.Build.0 = Release|Any CPU
	EndGlobalSection
	GlobalSection(SolutionProperties) = preSolution
		HideSolutionNode = FALSE
	EndGlobalSection
	GlobalSection(ExtensibilityGlobals) = postSolution
		SolutionGuid = {B0DDE2D9-3E4F-461E-93D3-60B76A9F4233}
	EndGlobalSection
EndGlobal
